# This file is automatically @generated by Cargo.
# It is not intended for manual editing.
[[package]]
name = "cc"
version = "1.0.37"
source = "registry+https://github.com/rust-lang/crates.io-index"

[[package]]
name = "cmake"
version = "0.1.40"
source = "registry+https://github.com/rust-lang/crates.io-index"
dependencies = [
 "cc 1.0.37 (registry+https://github.com/rust-lang/crates.io-index)",
]

[[package]]
name = "glob"
version = "0.2.11"
source = "registry+https://github.com/rust-lang/crates.io-index"

[[package]]
name = "itoa"
version = "0.4.4"
source = "registry+https://github.com/rust-lang/crates.io-index"

[[package]]
name = "parity-wasm"
version = "0.38.0"
source = "registry+https://github.com/rust-lang/crates.io-index"

[[package]]
name = "proc-macro2"
version = "0.4.30"
source = "registry+https://github.com/rust-lang/crates.io-index"
dependencies = [
 "unicode-xid 0.1.0 (registry+https://github.com/rust-lang/crates.io-index)",
]

[[package]]
name = "quote"
version = "0.6.12"
source = "registry+https://github.com/rust-lang/crates.io-index"
dependencies = [
 "proc-macro2 0.4.30 (registry+https://github.com/rust-lang/crates.io-index)",
]

[[package]]
name = "ryu"
version = "0.2.8"
source = "registry+https://github.com/rust-lang/crates.io-index"

[[package]]
name = "serde"
version = "1.0.91"
source = "registry+https://github.com/rust-lang/crates.io-index"

[[package]]
name = "serde_derive"
version = "1.0.91"
source = "registry+https://github.com/rust-lang/crates.io-index"
dependencies = [
 "proc-macro2 0.4.30 (registry+https://github.com/rust-lang/crates.io-index)",
 "quote 0.6.12 (registry+https://github.com/rust-lang/crates.io-index)",
 "syn 0.15.34 (registry+https://github.com/rust-lang/crates.io-index)",
]

[[package]]
name = "serde_json"
version = "1.0.39"
source = "registry+https://github.com/rust-lang/crates.io-index"
dependencies = [
 "itoa 0.4.4 (registry+https://github.com/rust-lang/crates.io-index)",
 "ryu 0.2.8 (registry+https://github.com/rust-lang/crates.io-index)",
 "serde 1.0.91 (registry+https://github.com/rust-lang/crates.io-index)",
]

[[package]]
name = "syn"
version = "0.15.34"
source = "registry+https://github.com/rust-lang/crates.io-index"
dependencies = [
 "proc-macro2 0.4.30 (registry+https://github.com/rust-lang/crates.io-index)",
 "quote 0.6.12 (registry+https://github.com/rust-lang/crates.io-index)",
 "unicode-xid 0.1.0 (registry+https://github.com/rust-lang/crates.io-index)",
]

[[package]]
name = "unicode-xid"
version = "0.1.0"
source = "registry+https://github.com/rust-lang/crates.io-index"

[[package]]
name = "wabt"
version = "0.7.4"
source = "registry+https://github.com/rust-lang/crates.io-index"
dependencies = [
 "serde 1.0.91 (registry+https://github.com/rust-lang/crates.io-index)",
 "serde_derive 1.0.91 (registry+https://github.com/rust-lang/crates.io-index)",
 "serde_json 1.0.39 (registry+https://github.com/rust-lang/crates.io-index)",
 "wabt-sys 0.5.4 (registry+https://github.com/rust-lang/crates.io-index)",
]

[[package]]
name = "wabt-sys"
version = "0.5.4"
source = "registry+https://github.com/rust-lang/crates.io-index"
dependencies = [
 "cc 1.0.37 (registry+https://github.com/rust-lang/crates.io-index)",
 "cmake 0.1.40 (registry+https://github.com/rust-lang/crates.io-index)",
 "glob 0.2.11 (registry+https://github.com/rust-lang/crates.io-index)",
]

[[package]]
name = "wasm-utils"
version = "0.1.0"
dependencies = [
 "parity-wasm 0.38.0 (registry+https://github.com/rust-lang/crates.io-index)",
 "wabt 0.7.4 (registry+https://github.com/rust-lang/crates.io-index)",
]

[metadata]
"checksum cc 1.0.37 (registry+https://github.com/rust-lang/crates.io-index)" = "39f75544d7bbaf57560d2168f28fd649ff9c76153874db88bdbdfd839b1a7e7d"
"checksum cmake 0.1.40 (registry+https://github.com/rust-lang/crates.io-index)" = "2ca4386c8954b76a8415b63959337d940d724b336cabd3afe189c2b51a7e1ff0"
"checksum glob 0.2.11 (registry+https://github.com/rust-lang/crates.io-index)" = "8be18de09a56b60ed0edf84bc9df007e30040691af7acd1c41874faac5895bfb"
"checksum itoa 0.4.4 (registry+https://github.com/rust-lang/crates.io-index)" = "501266b7edd0174f8530248f87f99c88fbe60ca4ef3dd486835b8d8d53136f7f"
"checksum parity-wasm 0.38.0 (registry+https://github.com/rust-lang/crates.io-index)" = "20d7e522a7f994cc4ae32970b1ce0d99ecf91b8e1df080517a26faa6d2e2ee62"
"checksum proc-macro2 0.4.30 (registry+https://github.com/rust-lang/crates.io-index)" = "cf3d2011ab5c909338f7887f4fc896d35932e29146c12c8d01da6b22a80ba759"
"checksum quote 0.6.12 (registry+https://github.com/rust-lang/crates.io-index)" = "faf4799c5d274f3868a4aae320a0a182cbd2baee377b378f080e16a23e9d80db"
"checksum ryu 0.2.8 (registry+https://github.com/rust-lang/crates.io-index)" = "b96a9549dc8d48f2c283938303c4b5a77aa29bfbc5b54b084fb1630408899a8f"
"checksum serde 1.0.91 (registry+https://github.com/rust-lang/crates.io-index)" = "a72e9b96fa45ce22a4bc23da3858dfccfd60acd28a25bcd328a98fdd6bea43fd"
"checksum serde_derive 1.0.91 (registry+https://github.com/rust-lang/crates.io-index)" = "101b495b109a3e3ca8c4cbe44cf62391527cdfb6ba15821c5ce80bcd5ea23f9f"
"checksum serde_json 1.0.39 (registry+https://github.com/rust-lang/crates.io-index)" = "5a23aa71d4a4d43fdbfaac00eff68ba8a06a51759a89ac3304323e800c4dd40d"
"checksum syn 0.15.34 (registry+https://github.com/rust-lang/crates.io-index)" = "a1393e4a97a19c01e900df2aec855a29f71cf02c402e2f443b8d2747c25c5dbe"
"checksum unicode-xid 0.1.0 (registry+https://github.com/rust-lang/crates.io-index)" = "fc72304796d0818e357ead4e000d19c9c174ab23dc11093ac919054d20a6a7fc"
"checksum wabt 0.7.4 (registry+https://github.com/rust-lang/crates.io-index)" = "74e463a508e390cc7447e70f640fbf44ad52e1bd095314ace1fdf99516d32add"
"checksum wabt-sys 0.5.4 (registry+https://github.com/rust-lang/crates.io-index)" = "a6265b25719e82598d104b3717375e37661d41753e2c84cde3f51050c7ed7e3c"
